// !$*UTF8*$!
{
	archiveVersion = 1;
	classes = {
	};
	objectVersion = 46;
	objects = {

/* Begin PBXBuildFile section */
		EE141CB11D8D928F0013DFF2 /* main.cpp in Sources */ = {isa = PBXBuildFile; fileRef = EE141CB01D8D928F0013DFF2 /* main.cpp */; };
		EE141CB91D8D92E50013DFF2 /* OpenGL.framework in Frameworks */ = {isa = PBXBuildFile; fileRef = EE141CB81D8D92E50013DFF2 /* OpenGL.framework */; };
		EE2794E31DBD6674004F12DB /* libGLEW.2.0.0.dylib in Frameworks */ = {isa = PBXBuildFile; fileRef = EE2794E21DBD6674004F12DB /* libGLEW.2.0.0.dylib */; };
		EE2794E51DBD6681004F12DB /* libglfw3.3.2.dylib in Frameworks */ = {isa = PBXBuildFile; fileRef = EE2794E41DBD6681004F12DB /* libglfw3.3.2.dylib */; };
		EE2794E71DBD668F004F12DB /* libSDL2-2.0.0.dylib in Frameworks */ = {isa = PBXBuildFile; fileRef = EE2794E61DBD668F004F12DB /* libSDL2-2.0.0.dylib */; };
		EE2794EA1DBD66A0004F12DB /* libsfml-system.2.4.0.dylib in Frameworks */ = {isa = PBXBuildFile; fileRef = EE2794E81DBD66A0004F12DB /* libsfml-system.2.4.0.dylib */; };
		EE2794EB1DBD66A0004F12DB /* libsfml-window.2.4.0.dylib in Frameworks */ = {isa = PBXBuildFile; fileRef = EE2794E91DBD66A0004F12DB /* libsfml-window.2.4.0.dylib */; };
		EE47B42B1E548FB60058FF24 /* Object.cpp in Sources */ = {isa = PBXBuildFile; fileRef = EE47B3151E548FB50058FF24 /* Object.cpp */; };
		EE47B42E1E548FB60058FF24 /* GLHelper.cpp in Sources */ = {isa = PBXBuildFile; fileRef = EE47B41C1E548FB60058FF24 /* GLHelper.cpp */; };
		EE47B42F1E548FB60058FF24 /* Circle.cpp in Sources */ = {isa = PBXBuildFile; fileRef = EE47B4211E548FB60058FF24 /* Circle.cpp */; };
		EE47B4301E548FB60058FF24 /* Quad.cpp in Sources */ = {isa = PBXBuildFile; fileRef = EE47B4231E548FB60058FF24 /* Quad.cpp */; };
		EE47B4311E548FB60058FF24 /* Triangle.cpp in Sources */ = {isa = PBXBuildFile; fileRef = EE47B4251E548FB60058FF24 /* Triangle.cpp */; };
		EE47B4321E548FB60058FF24 /* Cube.cpp in Sources */ = {isa = PBXBuildFile; fileRef = EE47B4281E548FB60058FF24 /* Cube.cpp */; };
		EE47B4371E54921B0058FF24 /* resources in CopyFiles */ = {isa = PBXBuildFile; fileRef = EE47B4361E5492160058FF24 /* resources */; };
		EEF512301DAD51310081A439 /* CoreEngine.cpp in Sources */ = {isa = PBXBuildFile; fileRef = EEF5120E1DAD51310081A439 /* CoreEngine.cpp */; };
		EEF512311DAD51310081A439 /* CoreSettings.cpp in Sources */ = {isa = PBXBuildFile; fileRef = EEF512101DAD51310081A439 /* CoreSettings.cpp */; };
		EEF512321DAD51310081A439 /* CoreFramework.cpp in Sources */ = {isa = PBXBuildFile; fileRef = EEF512191DAD51310081A439 /* CoreFramework.cpp */; };
		EEF512331DAD51310081A439 /* CoreEvents.cpp in Sources */ = {isa = PBXBuildFile; fileRef = EEF5121C1DAD51310081A439 /* CoreEvents.cpp */; };
		EEF512341DAD51310081A439 /* EventsGLFW.cpp in Sources */ = {isa = PBXBuildFile; fileRef = EEF5121E1DAD51310081A439 /* EventsGLFW.cpp */; };
		EEF512351DAD51310081A439 /* EventsInterface.cpp in Sources */ = {isa = PBXBuildFile; fileRef = EEF512201DAD51310081A439 /* EventsInterface.cpp */; };
		EEF512361DAD51310081A439 /* EventsSDL.cpp in Sources */ = {isa = PBXBuildFile; fileRef = EEF512221DAD51310081A439 /* EventsSDL.cpp */; };
		EEF512371DAD51310081A439 /* EventsSFML.cpp in Sources */ = {isa = PBXBuildFile; fileRef = EEF512241DAD51310081A439 /* EventsSFML.cpp */; };
		EEF512381DAD51310081A439 /* FrameworkGLFW.cpp in Sources */ = {isa = PBXBuildFile; fileRef = EEF512261DAD51310081A439 /* FrameworkGLFW.cpp */; };
		EEF512391DAD51310081A439 /* FrameworkInterface.cpp in Sources */ = {isa = PBXBuildFile; fileRef = EEF512281DAD51310081A439 /* FrameworkInterface.cpp */; };
		EEF5123A1DAD51310081A439 /* FrameworkSDL.cpp in Sources */ = {isa = PBXBuildFile; fileRef = EEF5122A1DAD51310081A439 /* FrameworkSDL.cpp */; };
		EEF5123B1DAD51310081A439 /* FrameworkSFML.cpp in Sources */ = {isa = PBXBuildFile; fileRef = EEF5122C1DAD51310081A439 /* FrameworkSFML.cpp */; };
/* End PBXBuildFile section */

/* Begin PBXCopyFilesBuildPhase section */
		EE141CAB1D8D928F0013DFF2 /* CopyFiles */ = {
			isa = PBXCopyFilesBuildPhase;
			buildActionMask = 2147483647;
			dstPath = /usr/share/man/man1/;
			dstSubfolderSpec = 0;
			files = (
			);
			runOnlyForDeploymentPostprocessing = 1;
		};
		EE47B4351E5492020058FF24 /* CopyFiles */ = {
			isa = PBXCopyFilesBuildPhase;
			buildActionMask = 2147483647;
			dstPath = "";
			dstSubfolderSpec = 7;
			files = (
				EE47B4371E54921B0058FF24 /* resources in CopyFiles */,
			);
			runOnlyForDeploymentPostprocessing = 0;
		};
/* End PBXCopyFilesBuildPhase section */

/* Begin PBXFileReference section */
		EE141CAD1D8D928F0013DFF2 /* OpenGLGameEngine */ = {isa = PBXFileReference; explicitFileType = "compiled.mach-o.executable"; includeInIndex = 0; path = OpenGLGameEngine; sourceTree = BUILT_PRODUCTS_DIR; };
		EE141CB01D8D928F0013DFF2 /* main.cpp */ = {isa = PBXFileReference; lastKnownFileType = sourcecode.cpp.cpp; path = main.cpp; sourceTree = "<group>"; };
		EE141CB81D8D92E50013DFF2 /* OpenGL.framework */ = {isa = PBXFileReference; lastKnownFileType = wrapper.framework; name = OpenGL.framework; path = System/Library/Frameworks/OpenGL.framework; sourceTree = SDKROOT; };
		EE1812E61E240F6700B18A5A /* MOUSE DEFINITIONS.hpp */ = {isa = PBXFileReference; fileEncoding = 4; lastKnownFileType = sourcecode.cpp.h; path = "MOUSE DEFINITIONS.hpp"; sourceTree = "<group>"; };
		EE2794E21DBD6674004F12DB /* libGLEW.2.0.0.dylib */ = {isa = PBXFileReference; lastKnownFileType = "compiled.mach-o.dylib"; name = libGLEW.2.0.0.dylib; path = ../../../../../../../usr/local/Cellar/glew/2.0.0/lib/libGLEW.2.0.0.dylib; sourceTree = "<group>"; };
		EE2794E41DBD6681004F12DB /* libglfw3.3.2.dylib */ = {isa = PBXFileReference; lastKnownFileType = "compiled.mach-o.dylib"; name = libglfw3.3.2.dylib; path = ../../../../../../../usr/local/Cellar/glfw3/3.2.1/lib/libglfw3.3.2.dylib; sourceTree = "<group>"; };
		EE2794E61DBD668F004F12DB /* libSDL2-2.0.0.dylib */ = {isa = PBXFileReference; lastKnownFileType = "compiled.mach-o.dylib"; name = "libSDL2-2.0.0.dylib"; path = "../../../../../../../usr/local/Cellar/sdl2/2.0.4/lib/libSDL2-2.0.0.dylib"; sourceTree = "<group>"; };
		EE2794E81DBD66A0004F12DB /* libsfml-system.2.4.0.dylib */ = {isa = PBXFileReference; lastKnownFileType = "compiled.mach-o.dylib"; name = "libsfml-system.2.4.0.dylib"; path = "../../../../../../../usr/local/Cellar/sfml/2.4.0/lib/libsfml-system.2.4.0.dylib"; sourceTree = "<group>"; };
		EE2794E91DBD66A0004F12DB /* libsfml-window.2.4.0.dylib */ = {isa = PBXFileReference; lastKnownFileType = "compiled.mach-o.dylib"; name = "libsfml-window.2.4.0.dylib"; path = "../../../../../../../usr/local/Cellar/sfml/2.4.0/lib/libsfml-window.2.4.0.dylib"; sourceTree = "<group>"; };
		EE47B3151E548FB50058FF24 /* Object.cpp */ = {isa = PBXFileReference; fileEncoding = 4; lastKnownFileType = sourcecode.cpp.cpp; path = Object.cpp; sourceTree = "<group>"; };
		EE47B3161E548FB50058FF24 /* Object.h */ = {isa = PBXFileReference; fileEncoding = 4; lastKnownFileType = sourcecode.c.h; path = Object.h; sourceTree = "<group>"; };
		EE47B3181E548FB50058FF24 /* Colours.h */ = {isa = PBXFileReference; fileEncoding = 4; lastKnownFileType = sourcecode.c.h; path = Colours.h; sourceTree = "<group>"; };
		EE47B41C1E548FB60058FF24 /* GLHelper.cpp */ = {isa = PBXFileReference; fileEncoding = 4; lastKnownFileType = sourcecode.cpp.cpp; path = GLHelper.cpp; sourceTree = "<group>"; };
		EE47B41D1E548FB60058FF24 /* GLHelper.h */ = {isa = PBXFileReference; fileEncoding = 4; lastKnownFileType = sourcecode.c.h; path = GLHelper.h; sourceTree = "<group>"; };
		EE47B4211E548FB60058FF24 /* Circle.cpp */ = {isa = PBXFileReference; fileEncoding = 4; lastKnownFileType = sourcecode.cpp.cpp; path = Circle.cpp; sourceTree = "<group>"; };
		EE47B4221E548FB60058FF24 /* Circle.h */ = {isa = PBXFileReference; fileEncoding = 4; lastKnownFileType = sourcecode.c.h; path = Circle.h; sourceTree = "<group>"; };
		EE47B4231E548FB60058FF24 /* Quad.cpp */ = {isa = PBXFileReference; fileEncoding = 4; lastKnownFileType = sourcecode.cpp.cpp; path = Quad.cpp; sourceTree = "<group>"; };
		EE47B4241E548FB60058FF24 /* Quad.h */ = {isa = PBXFileReference; fileEncoding = 4; lastKnownFileType = sourcecode.c.h; path = Quad.h; sourceTree = "<group>"; };
		EE47B4251E548FB60058FF24 /* Triangle.cpp */ = {isa = PBXFileReference; fileEncoding = 4; lastKnownFileType = sourcecode.cpp.cpp; path = Triangle.cpp; sourceTree = "<group>"; };
		EE47B4261E548FB60058FF24 /* Triangle.h */ = {isa = PBXFileReference; fileEncoding = 4; lastKnownFileType = sourcecode.c.h; path = Triangle.h; sourceTree = "<group>"; };
		EE47B4281E548FB60058FF24 /* Cube.cpp */ = {isa = PBXFileReference; fileEncoding = 4; lastKnownFileType = sourcecode.cpp.cpp; path = Cube.cpp; sourceTree = "<group>"; };
		EE47B4291E548FB60058FF24 /* Cube.h */ = {isa = PBXFileReference; fileEncoding = 4; lastKnownFileType = sourcecode.c.h; path = Cube.h; sourceTree = "<group>"; };
		EE47B42A1E548FB60058FF24 /* Shapes.h */ = {isa = PBXFileReference; fileEncoding = 4; lastKnownFileType = sourcecode.c.h; path = Shapes.h; sourceTree = "<group>"; };
		EE47B4341E5491190058FF24 /* Shader.h */ = {isa = PBXFileReference; fileEncoding = 4; lastKnownFileType = sourcecode.c.h; path = Shader.h; sourceTree = "<group>"; };
		EE47B4361E5492160058FF24 /* resources */ = {isa = PBXFileReference; lastKnownFileType = folder; path = resources; sourceTree = "<group>"; };
		EED454AA1DB7E10E006260AD /* KEYBOARD DEFINITIONS.hpp */ = {isa = PBXFileReference; fileEncoding = 4; lastKnownFileType = sourcecode.cpp.h; path = "KEYBOARD DEFINITIONS.hpp"; sourceTree = "<group>"; };
		EEEC509D1E685F150099AE00 /* Camera.h */ = {isa = PBXFileReference; fileEncoding = 4; lastKnownFileType = sourcecode.c.h; path = Camera.h; sourceTree = "<group>"; };
		EEF5120E1DAD51310081A439 /* CoreEngine.cpp */ = {isa = PBXFileReference; fileEncoding = 4; lastKnownFileType = sourcecode.cpp.cpp; path = CoreEngine.cpp; sourceTree = "<group>"; };
		EEF5120F1DAD51310081A439 /* CoreEngine.hpp */ = {isa = PBXFileReference; fileEncoding = 4; lastKnownFileType = sourcecode.cpp.h; path = CoreEngine.hpp; sourceTree = "<group>"; };
		EEF512101DAD51310081A439 /* CoreSettings.cpp */ = {isa = PBXFileReference; fileEncoding = 4; lastKnownFileType = sourcecode.cpp.cpp; path = CoreSettings.cpp; sourceTree = "<group>"; };
		EEF512111DAD51310081A439 /* CoreSettings.hpp */ = {isa = PBXFileReference; fileEncoding = 4; lastKnownFileType = sourcecode.cpp.h; path = CoreSettings.hpp; sourceTree = "<group>"; };
		EEF512131DAD51310081A439 /* Foundation.hpp */ = {isa = PBXFileReference; fileEncoding = 4; lastKnownFileType = sourcecode.cpp.h; path = Foundation.hpp; sourceTree = "<group>"; };
		EEF512151DAD51310081A439 /* vec2.hpp */ = {isa = PBXFileReference; fileEncoding = 4; lastKnownFileType = sourcecode.cpp.h; path = vec2.hpp; sourceTree = "<group>"; };
		EEF512161DAD51310081A439 /* vec3.hpp */ = {isa = PBXFileReference; fileEncoding = 4; lastKnownFileType = sourcecode.cpp.h; path = vec3.hpp; sourceTree = "<group>"; };
		EEF512171DAD51310081A439 /* vec4.hpp */ = {isa = PBXFileReference; fileEncoding = 4; lastKnownFileType = sourcecode.cpp.h; path = vec4.hpp; sourceTree = "<group>"; };
		EEF512191DAD51310081A439 /* CoreFramework.cpp */ = {isa = PBXFileReference; fileEncoding = 4; lastKnownFileType = sourcecode.cpp.cpp; path = CoreFramework.cpp; sourceTree = "<group>"; };
		EEF5121A1DAD51310081A439 /* CoreFramework.hpp */ = {isa = PBXFileReference; fileEncoding = 4; lastKnownFileType = sourcecode.cpp.h; path = CoreFramework.hpp; sourceTree = "<group>"; };
		EEF5121C1DAD51310081A439 /* CoreEvents.cpp */ = {isa = PBXFileReference; fileEncoding = 4; lastKnownFileType = sourcecode.cpp.cpp; path = CoreEvents.cpp; sourceTree = "<group>"; };
		EEF5121D1DAD51310081A439 /* CoreEvents.hpp */ = {isa = PBXFileReference; fileEncoding = 4; lastKnownFileType = sourcecode.cpp.h; path = CoreEvents.hpp; sourceTree = "<group>"; };
		EEF5121E1DAD51310081A439 /* EventsGLFW.cpp */ = {isa = PBXFileReference; fileEncoding = 4; lastKnownFileType = sourcecode.cpp.cpp; path = EventsGLFW.cpp; sourceTree = "<group>"; };
		EEF5121F1DAD51310081A439 /* EventsGLFW.hpp */ = {isa = PBXFileReference; fileEncoding = 4; lastKnownFileType = sourcecode.cpp.h; path = EventsGLFW.hpp; sourceTree = "<group>"; };
		EEF512201DAD51310081A439 /* EventsInterface.cpp */ = {isa = PBXFileReference; fileEncoding = 4; lastKnownFileType = sourcecode.cpp.cpp; path = EventsInterface.cpp; sourceTree = "<group>"; };
		EEF512211DAD51310081A439 /* EventsInterface.hpp */ = {isa = PBXFileReference; fileEncoding = 4; lastKnownFileType = sourcecode.cpp.h; path = EventsInterface.hpp; sourceTree = "<group>"; };
		EEF512221DAD51310081A439 /* EventsSDL.cpp */ = {isa = PBXFileReference; fileEncoding = 4; lastKnownFileType = sourcecode.cpp.cpp; path = EventsSDL.cpp; sourceTree = "<group>"; };
		EEF512231DAD51310081A439 /* EventsSDL.hpp */ = {isa = PBXFileReference; fileEncoding = 4; lastKnownFileType = sourcecode.cpp.h; path = EventsSDL.hpp; sourceTree = "<group>"; };
		EEF512241DAD51310081A439 /* EventsSFML.cpp */ = {isa = PBXFileReference; fileEncoding = 4; lastKnownFileType = sourcecode.cpp.cpp; path = EventsSFML.cpp; sourceTree = "<group>"; };
		EEF512251DAD51310081A439 /* EventsSFML.hpp */ = {isa = PBXFileReference; fileEncoding = 4; lastKnownFileType = sourcecode.cpp.h; path = EventsSFML.hpp; sourceTree = "<group>"; };
		EEF512261DAD51310081A439 /* FrameworkGLFW.cpp */ = {isa = PBXFileReference; fileEncoding = 4; lastKnownFileType = sourcecode.cpp.cpp; path = FrameworkGLFW.cpp; sourceTree = "<group>"; };
		EEF512271DAD51310081A439 /* FrameworkGLFW.hpp */ = {isa = PBXFileReference; fileEncoding = 4; lastKnownFileType = sourcecode.cpp.h; path = FrameworkGLFW.hpp; sourceTree = "<group>"; };
		EEF512281DAD51310081A439 /* FrameworkInterface.cpp */ = {isa = PBXFileReference; fileEncoding = 4; lastKnownFileType = sourcecode.cpp.cpp; path = FrameworkInterface.cpp; sourceTree = "<group>"; };
		EEF512291DAD51310081A439 /* FrameworkInterface.hpp */ = {isa = PBXFileReference; fileEncoding = 4; lastKnownFileType = sourcecode.cpp.h; path = FrameworkInterface.hpp; sourceTree = "<group>"; };
		EEF5122A1DAD51310081A439 /* FrameworkSDL.cpp */ = {isa = PBXFileReference; fileEncoding = 4; lastKnownFileType = sourcecode.cpp.cpp; path = FrameworkSDL.cpp; sourceTree = "<group>"; };
		EEF5122B1DAD51310081A439 /* FrameworkSDL.hpp */ = {isa = PBXFileReference; fileEncoding = 4; lastKnownFileType = sourcecode.cpp.h; path = FrameworkSDL.hpp; sourceTree = "<group>"; };
		EEF5122C1DAD51310081A439 /* FrameworkSFML.cpp */ = {isa = PBXFileReference; fileEncoding = 4; lastKnownFileType = sourcecode.cpp.cpp; path = FrameworkSFML.cpp; sourceTree = "<group>"; };
		EEF5122D1DAD51310081A439 /* FrameworkSFML.hpp */ = {isa = PBXFileReference; fileEncoding = 4; lastKnownFileType = sourcecode.cpp.h; path = FrameworkSFML.hpp; sourceTree = "<group>"; };
		EEF5122E1DAD51310081A439 /* DEFINITIONS.hpp */ = {isa = PBXFileReference; fileEncoding = 4; lastKnownFileType = sourcecode.cpp.h; path = DEFINITIONS.hpp; sourceTree = "<group>"; };
		EEF5122F1DAD51310081A439 /* SonarGameEngine.hpp */ = {isa = PBXFileReference; fileEncoding = 4; lastKnownFileType = sourcecode.cpp.h; path = SonarGameEngine.hpp; sourceTree = "<group>"; };
/* End PBXFileReference section */

/* Begin PBXFrameworksBuildPhase section */
		EE141CAA1D8D928F0013DFF2 /* Frameworks */ = {
			isa = PBXFrameworksBuildPhase;
			buildActionMask = 2147483647;
			files = (
				EE2794EA1DBD66A0004F12DB /* libsfml-system.2.4.0.dylib in Frameworks */,
				EE2794EB1DBD66A0004F12DB /* libsfml-window.2.4.0.dylib in Frameworks */,
				EE2794E71DBD668F004F12DB /* libSDL2-2.0.0.dylib in Frameworks */,
				EE2794E51DBD6681004F12DB /* libglfw3.3.2.dylib in Frameworks */,
				EE2794E31DBD6674004F12DB /* libGLEW.2.0.0.dylib in Frameworks */,
				EE141CB91D8D92E50013DFF2 /* OpenGL.framework in Frameworks */,
			);
			runOnlyForDeploymentPostprocessing = 0;
		};
/* End PBXFrameworksBuildPhase section */

/* Begin PBXGroup section */
		EE141CA41D8D928F0013DFF2 = {
			isa = PBXGroup;
			children = (
				EE141CAF1D8D928F0013DFF2 /* OpenGLGameEngine */,
				EE141CAE1D8D928F0013DFF2 /* Products */,
				EE141CB71D8D92E50013DFF2 /* Frameworks */,
			);
			sourceTree = "<group>";
		};
		EE141CAE1D8D928F0013DFF2 /* Products */ = {
			isa = PBXGroup;
			children = (
				EE141CAD1D8D928F0013DFF2 /* OpenGLGameEngine */,
			);
			name = Products;
			sourceTree = "<group>";
		};
		EE141CAF1D8D928F0013DFF2 /* OpenGLGameEngine */ = {
			isa = PBXGroup;
			children = (
				EEF5120C1DAD51310081A439 /* SonarGameEngine */,
				EE47B4361E5492160058FF24 /* resources */,
				EE141CB01D8D928F0013DFF2 /* main.cpp */,
			);
			path = OpenGLGameEngine;
			sourceTree = "<group>";
		};
		EE141CB71D8D92E50013DFF2 /* Frameworks */ = {
			isa = PBXGroup;
			children = (
				EE2794E81DBD66A0004F12DB /* libsfml-system.2.4.0.dylib */,
				EE2794E91DBD66A0004F12DB /* libsfml-window.2.4.0.dylib */,
				EE2794E61DBD668F004F12DB /* libSDL2-2.0.0.dylib */,
				EE2794E41DBD6681004F12DB /* libglfw3.3.2.dylib */,
				EE2794E21DBD6674004F12DB /* libGLEW.2.0.0.dylib */,
				EE141CB81D8D92E50013DFF2 /* OpenGL.framework */,
			);
			name = Frameworks;
			sourceTree = "<group>";
		};
		EE47AD861E548A7A0058FF24 /* ExternalLibs */ = {
			isa = PBXGroup;
			children = (
				EE47B3131E548FB50058FF24 /* GLHelper */,
			);
			path = ExternalLibs;
			sourceTree = "<group>";
		};
		EE47B3131E548FB50058FF24 /* GLHelper */ = {
			isa = PBXGroup;
			children = (
				EE47B4341E5491190058FF24 /* Shader.h */,
				EE47B3141E548FB50058FF24 /* Base */,
				EE47B3171E548FB50058FF24 /* Defines */,
				EE47B3191E548FB50058FF24 /* External */,
				EE47B41C1E548FB60058FF24 /* GLHelper.cpp */,
				EE47B41D1E548FB60058FF24 /* GLHelper.h */,
				EE47B41F1E548FB60058FF24 /* Shapes */,
			);
			path = GLHelper;
			sourceTree = "<group>";
		};
		EE47B3141E548FB50058FF24 /* Base */ = {
			isa = PBXGroup;
			children = (
				EE47B3151E548FB50058FF24 /* Object.cpp */,
				EE47B3161E548FB50058FF24 /* Object.h */,
			);
			path = Base;
			sourceTree = "<group>";
		};
		EE47B3171E548FB50058FF24 /* Defines */ = {
			isa = PBXGroup;
			children = (
				EE47B3181E548FB50058FF24 /* Colours.h */,
			);
			path = Defines;
			sourceTree = "<group>";
		};
		EE47B3191E548FB50058FF24 /* External */ = {
			isa = PBXGroup;
			children = (
			);
			path = External;
			sourceTree = "<group>";
		};
		EE47B41F1E548FB60058FF24 /* Shapes */ = {
			isa = PBXGroup;
			children = (
				EE47B4201E548FB60058FF24 /* 2D */,
				EE47B4271E548FB60058FF24 /* 3D */,
				EE47B42A1E548FB60058FF24 /* Shapes.h */,
			);
			path = Shapes;
			sourceTree = "<group>";
		};
		EE47B4201E548FB60058FF24 /* 2D */ = {
			isa = PBXGroup;
			children = (
				EE47B4211E548FB60058FF24 /* Circle.cpp */,
				EE47B4221E548FB60058FF24 /* Circle.h */,
				EE47B4231E548FB60058FF24 /* Quad.cpp */,
				EE47B4241E548FB60058FF24 /* Quad.h */,
				EE47B4251E548FB60058FF24 /* Triangle.cpp */,
				EE47B4261E548FB60058FF24 /* Triangle.h */,
			);
			path = 2D;
			sourceTree = "<group>";
		};
		EE47B4271E548FB60058FF24 /* 3D */ = {
			isa = PBXGroup;
			children = (
				EE47B4281E548FB60058FF24 /* Cube.cpp */,
				EE47B4291E548FB60058FF24 /* Cube.h */,
			);
			path = 3D;
			sourceTree = "<group>";
		};
		EEF5120C1DAD51310081A439 /* SonarGameEngine */ = {
			isa = PBXGroup;
			children = (
				EE47AD861E548A7A0058FF24 /* ExternalLibs */,
				EEF5120D1DAD51310081A439 /* Core */,
				EEF5122E1DAD51310081A439 /* DEFINITIONS.hpp */,
				EEF5122F1DAD51310081A439 /* SonarGameEngine.hpp */,
			);
			path = SonarGameEngine;
			sourceTree = "<group>";
		};
		EEF5120D1DAD51310081A439 /* Core */ = {
			isa = PBXGroup;
			children = (
				EEF5120E1DAD51310081A439 /* CoreEngine.cpp */,
				EEF5120F1DAD51310081A439 /* CoreEngine.hpp */,
				EEF512101DAD51310081A439 /* CoreSettings.cpp */,
				EEF512111DAD51310081A439 /* CoreSettings.hpp */,
				EEF512121DAD51310081A439 /* Foundations */,
				EEF512181DAD51310081A439 /* Frameworks */,
				EEEC509D1E685F150099AE00 /* Camera.h */,
			);
			path = Core;
			sourceTree = "<group>";
		};
		EEF512121DAD51310081A439 /* Foundations */ = {
			isa = PBXGroup;
			children = (
				EEF512131DAD51310081A439 /* Foundation.hpp */,
				EEF512141DAD51310081A439 /* Vectors */,
			);
			path = Foundations;
			sourceTree = "<group>";
		};
		EEF512141DAD51310081A439 /* Vectors */ = {
			isa = PBXGroup;
			children = (
				EEF512151DAD51310081A439 /* vec2.hpp */,
				EEF512161DAD51310081A439 /* vec3.hpp */,
				EEF512171DAD51310081A439 /* vec4.hpp */,
			);
			path = Vectors;
			sourceTree = "<group>";
		};
		EEF512181DAD51310081A439 /* Frameworks */ = {
			isa = PBXGroup;
			children = (
				EEF512191DAD51310081A439 /* CoreFramework.cpp */,
				EEF5121A1DAD51310081A439 /* CoreFramework.hpp */,
				EEF5121B1DAD51310081A439 /* Events */,
				EEF512261DAD51310081A439 /* FrameworkGLFW.cpp */,
				EEF512271DAD51310081A439 /* FrameworkGLFW.hpp */,
				EEF512281DAD51310081A439 /* FrameworkInterface.cpp */,
				EEF512291DAD51310081A439 /* FrameworkInterface.hpp */,
				EEF5122A1DAD51310081A439 /* FrameworkSDL.cpp */,
				EEF5122B1DAD51310081A439 /* FrameworkSDL.hpp */,
				EEF5122C1DAD51310081A439 /* FrameworkSFML.cpp */,
				EEF5122D1DAD51310081A439 /* FrameworkSFML.hpp */,
			);
			path = Frameworks;
			sourceTree = "<group>";
		};
		EEF5121B1DAD51310081A439 /* Events */ = {
			isa = PBXGroup;
			children = (
				EEF5121C1DAD51310081A439 /* CoreEvents.cpp */,
				EEF5121D1DAD51310081A439 /* CoreEvents.hpp */,
				EEF5121E1DAD51310081A439 /* EventsGLFW.cpp */,
				EEF5121F1DAD51310081A439 /* EventsGLFW.hpp */,
				EEF512201DAD51310081A439 /* EventsInterface.cpp */,
				EEF512211DAD51310081A439 /* EventsInterface.hpp */,
				EEF512221DAD51310081A439 /* EventsSDL.cpp */,
				EEF512231DAD51310081A439 /* EventsSDL.hpp */,
				EEF512241DAD51310081A439 /* EventsSFML.cpp */,
				EEF512251DAD51310081A439 /* EventsSFML.hpp */,
				EED454AA1DB7E10E006260AD /* KEYBOARD DEFINITIONS.hpp */,
				EE1812E61E240F6700B18A5A /* MOUSE DEFINITIONS.hpp */,
			);
			path = Events;
			sourceTree = "<group>";
		};
/* End PBXGroup section */

/* Begin PBXNativeTarget section */
		EE141CAC1D8D928F0013DFF2 /* OpenGLGameEngine */ = {
			isa = PBXNativeTarget;
			buildConfigurationList = EE141CB41D8D928F0013DFF2 /* Build configuration list for PBXNativeTarget "OpenGLGameEngine" */;
			buildPhases = (
				EE141CA91D8D928F0013DFF2 /* Sources */,
				EE141CAA1D8D928F0013DFF2 /* Frameworks */,
				EE141CAB1D8D928F0013DFF2 /* CopyFiles */,
				EE47B4351E5492020058FF24 /* CopyFiles */,
			);
			buildRules = (
			);
			dependencies = (
			);
			name = OpenGLGameEngine;
			productName = OpenGLGameEngine;
			productReference = EE141CAD1D8D928F0013DFF2 /* OpenGLGameEngine */;
			productType = "com.apple.product-type.tool";
		};
/* End PBXNativeTarget section */

/* Begin PBXProject section */
		EE141CA51D8D928F0013DFF2 /* Project object */ = {
			isa = PBXProject;
			attributes = {
				LastUpgradeCheck = 0800;
				ORGANIZATIONNAME = "Sonar Systems";
				TargetAttributes = {
					EE141CAC1D8D928F0013DFF2 = {
						CreatedOnToolsVersion = 8.0;
						ProvisioningStyle = Automatic;
					};
				};
			};
			buildConfigurationList = EE141CA81D8D928F0013DFF2 /* Build configuration list for PBXProject "OpenGLGameEngine" */;
			compatibilityVersion = "Xcode 3.2";
			developmentRegion = English;
			hasScannedForEncodings = 0;
			knownRegions = (
				en,
			);
			mainGroup = EE141CA41D8D928F0013DFF2;
			productRefGroup = EE141CAE1D8D928F0013DFF2 /* Products */;
			projectDirPath = "";
			projectRoot = "";
			targets = (
				EE141CAC1D8D928F0013DFF2 /* OpenGLGameEngine */,
			);
		};
/* End PBXProject section */

/* Begin PBXSourcesBuildPhase section */
		EE141CA91D8D928F0013DFF2 /* Sources */ = {
			isa = PBXSourcesBuildPhase;
			buildActionMask = 2147483647;
			files = (
				EEF512301DAD51310081A439 /* CoreEngine.cpp in Sources */,
				EE47B42F1E548FB60058FF24 /* Circle.cpp in Sources */,
				EEF512321DAD51310081A439 /* CoreFramework.cpp in Sources */,
				EE47B4321E548FB60058FF24 /* Cube.cpp in Sources */,
				EE47B4311E548FB60058FF24 /* Triangle.cpp in Sources */,
				EEF512311DAD51310081A439 /* CoreSettings.cpp in Sources */,
				EEF512331DAD51310081A439 /* CoreEvents.cpp in Sources */,
				EE47B42B1E548FB60058FF24 /* Object.cpp in Sources */,
				EEF512371DAD51310081A439 /* EventsSFML.cpp in Sources */,
				EEF512341DAD51310081A439 /* EventsGLFW.cpp in Sources */,
				EEF512381DAD51310081A439 /* FrameworkGLFW.cpp in Sources */,
				EEF512351DAD51310081A439 /* EventsInterface.cpp in Sources */,
				EE47B4301E548FB60058FF24 /* Quad.cpp in Sources */,
				EE47B42E1E548FB60058FF24 /* GLHelper.cpp in Sources */,
				EEF512361DAD51310081A439 /* EventsSDL.cpp in Sources */,
				EEF512391DAD51310081A439 /* FrameworkInterface.cpp in Sources */,
				EEF5123A1DAD51310081A439 /* FrameworkSDL.cpp in Sources */,
				EEF5123B1DAD51310081A439 /* FrameworkSFML.cpp in Sources */,
				EE141CB11D8D928F0013DFF2 /* main.cpp in Sources */,
			);
			runOnlyForDeploymentPostprocessing = 0;
		};
/* End PBXSourcesBuildPhase section */

/* Begin XCBuildConfiguration section */
		EE141CB21D8D928F0013DFF2 /* Debug */ = {
			isa = XCBuildConfiguration;
			buildSettings = {
				ALWAYS_SEARCH_USER_PATHS = NO;
				CLANG_ANALYZER_NONNULL = YES;
				CLANG_CXX_LANGUAGE_STANDARD = "gnu++0x";
				CLANG_CXX_LIBRARY = "libc++";
				CLANG_ENABLE_MODULES = YES;
				CLANG_ENABLE_OBJC_ARC = YES;
				CLANG_WARN_BOOL_CONVERSION = YES;
				CLANG_WARN_CONSTANT_CONVERSION = YES;
				CLANG_WARN_DIRECT_OBJC_ISA_USAGE = YES_ERROR;
				CLANG_WARN_DOCUMENTATION_COMMENTS = YES;
				CLANG_WARN_EMPTY_BODY = YES;
				CLANG_WARN_ENUM_CONVERSION = YES;
				CLANG_WARN_INFINITE_RECURSION = YES;
				CLANG_WARN_INT_CONVERSION = YES;
				CLANG_WARN_OBJC_ROOT_CLASS = YES_ERROR;
				CLANG_WARN_SUSPICIOUS_MOVES = YES;
				CLANG_WARN_UNREACHABLE_CODE = YES;
				CLANG_WARN__DUPLICATE_METHOD_MATCH = YES;
				CODE_SIGN_IDENTITY = "-";
				COPY_PHASE_STRIP = NO;
				DEBUG_INFORMATION_FORMAT = dwarf;
				ENABLE_STRICT_OBJC_MSGSEND = YES;
				ENABLE_TESTABILITY = YES;
				GCC_C_LANGUAGE_STANDARD = gnu99;
				GCC_DYNAMIC_NO_PIC = NO;
				GCC_NO_COMMON_BLOCKS = YES;
				GCC_OPTIMIZATION_LEVEL = 0;
				GCC_PREPROCESSOR_DEFINITIONS = (
					"DEBUG=1",
					"$(inherited)",
				);
				GCC_WARN_64_TO_32_BIT_CONVERSION = YES;
				GCC_WARN_ABOUT_RETURN_TYPE = YES_ERROR;
				GCC_WARN_UNDECLARED_SELECTOR = YES;
				GCC_WARN_UNINITIALIZED_AUTOS = YES_AGGRESSIVE;
				GCC_WARN_UNUSED_FUNCTION = YES;
				GCC_WARN_UNUSED_VARIABLE = YES;
				MACOSX_DEPLOYMENT_TARGET = 10.11;
				MTL_ENABLE_DEBUG_INFO = YES;
				ONLY_ACTIVE_ARCH = YES;
				SDKROOT = macosx;
			};
			name = Debug;
		};
		EE141CB31D8D928F0013DFF2 /* Release */ = {
			isa = XCBuildConfiguration;
			buildSettings = {
				ALWAYS_SEARCH_USER_PATHS = NO;
				CLANG_ANALYZER_NONNULL = YES;
				CLANG_CXX_LANGUAGE_STANDARD = "gnu++0x";
				CLANG_CXX_LIBRARY = "libc++";
				CLANG_ENABLE_MODULES = YES;
				CLANG_ENABLE_OBJC_ARC = YES;
				CLANG_WARN_BOOL_CONVERSION = YES;
				CLANG_WARN_CONSTANT_CONVERSION = YES;
				CLANG_WARN_DIRECT_OBJC_ISA_USAGE = YES_ERROR;
				CLANG_WARN_DOCUMENTATION_COMMENTS = YES;
				CLANG_WARN_EMPTY_BODY = YES;
				CLANG_WARN_ENUM_CONVERSION = YES;
				CLANG_WARN_INFINITE_RECURSION = YES;
				CLANG_WARN_INT_CONVERSION = YES;
				CLANG_WARN_OBJC_ROOT_CLASS = YES_ERROR;
				CLANG_WARN_SUSPICIOUS_MOVES = YES;
				CLANG_WARN_UNREACHABLE_CODE = YES;
				CLANG_WARN__DUPLICATE_METHOD_MATCH = YES;
				CODE_SIGN_IDENTITY = "-";
				COPY_PHASE_STRIP = NO;
				DEBUG_INFORMATION_FORMAT = "dwarf-with-dsym";
				ENABLE_NS_ASSERTIONS = NO;
				ENABLE_STRICT_OBJC_MSGSEND = YES;
				GCC_C_LANGUAGE_STANDARD = gnu99;
				GCC_NO_COMMON_BLOCKS = YES;
				GCC_WARN_64_TO_32_BIT_CONVERSION = YES;
				GCC_WARN_ABOUT_RETURN_TYPE = YES_ERROR;
				GCC_WARN_UNDECLARED_SELECTOR = YES;
				GCC_WARN_UNINITIALIZED_AUTOS = YES_AGGRESSIVE;
				GCC_WARN_UNUSED_FUNCTION = YES;
				GCC_WARN_UNUSED_VARIABLE = YES;
				MACOSX_DEPLOYMENT_TARGET = 10.11;
				MTL_ENABLE_DEBUG_INFO = NO;
				SDKROOT = macosx;
			};
			name = Release;
		};
		EE141CB51D8D928F0013DFF2 /* Debug */ = {
			isa = XCBuildConfiguration;
			buildSettings = {
				HEADER_SEARCH_PATHS = /usr/local/include;
				INFOPLIST_FILE = "$(SRCROOT)/OpenGLGameEngine/Info.plist";
				LIBRARY_SEARCH_PATHS = (
					"$(inherited)",
					/usr/local/Cellar/glfw3/3.1.2/lib,
					/usr/local/Cellar/glew/1.12.0/lib,
					/usr/local/Cellar/sfml/2.4.0/lib,
					/usr/local/Cellar/sdl2/2.0.4/lib,
					/usr/local/Cellar/glew/2.0.0/lib,
					/usr/local/Cellar/glfw3/3.2.1/lib,
				);
				PRODUCT_NAME = "$(TARGET_NAME)";
			};
			name = Debug;
		};
		EE141CB61D8D928F0013DFF2 /* Release */ = {
			isa = XCBuildConfiguration;
			buildSettings = {
				HEADER_SEARCH_PATHS = /usr/local/include;
				INFOPLIST_FILE = "$(SRCROOT)/OpenGLGameEngine/Info.plist";
				LIBRARY_SEARCH_PATHS = (
					"$(inherited)",
					/usr/local/Cellar/glfw3/3.1.2/lib,
					/usr/local/Cellar/glew/1.12.0/lib,
					/usr/local/Cellar/sfml/2.4.0/lib,
					/usr/local/Cellar/sdl2/2.0.4/lib,
					/usr/local/Cellar/glew/2.0.0/lib,
					/usr/local/Cellar/glfw3/3.2.1/lib,
				);
				PRODUCT_NAME = "$(TARGET_NAME)";
			};
			name = Release;
		};
/* End XCBuildConfiguration section */

/* Begin XCConfigurationList section */
		EE141CA81D8D928F0013DFF2 /* Build configuration list for PBXProject "OpenGLGameEngine" */ = {
			isa = XCConfigurationList;
			buildConfigurations = (
				EE141CB21D8D928F0013DFF2 /* Debug */,
				EE141CB31D8D928F0013DFF2 /* Release */,
			);
			defaultConfigurationIsVisible = 0;
			defaultConfigurationName = Release;
		};
		EE141CB41D8D928F0013DFF2 /* Build configuration list for PBXNativeTarget "OpenGLGameEngine" */ = {
			isa = XCConfigurationList;
			buildConfigurations = (
				EE141CB51D8D928F0013DFF2 /* Debug */,
				EE141CB61D8D928F0013DFF2 /* Release */,
			);
			defaultConfigurationIsVisible = 0;
			defaultConfigurationName = Release;
		};
/* End XCConfigurationList section */
	};
	rootObject = EE141CA51D8D928F0013DFF2 /* Project object */;
}
