<?xml version="1.0" encoding="utf-8"?>
<Project ToolsVersion="4.0" xmlns="http://schemas.microsoft.com/developer/msbuild/2003">
  <ItemGroup>
    <ClInclude Include="OpenGLGameEngine\DEFINITIONS.h" />
    <ClInclude Include="OpenGLGameEngine\Core\CoreSettings.hpp">
      <Filter>Core</Filter>
    </ClInclude>
    <ClInclude Include="OpenGLGameEngine\Core\CoreEngine.hpp">
      <Filter>Core</Filter>
    </ClInclude>
    <ClInclude Include="OpenGLGameEngine\Core\Frameworks\FrameworkInterface.h">
      <Filter>Core\Frameworks</Filter>
    </ClInclude>
    <ClInclude Include="OpenGLGameEngine\Core\Frameworks\SGE_GLFW.hpp">
      <Filter>Core\Frameworks</Filter>
    </ClInclude>
    <ClInclude Include="OpenGLGameEngine\Core\Frameworks\SGE_SDL.hpp">
      <Filter>Core\Frameworks</Filter>
    </ClInclude>
    <ClInclude Include="OpenGLGameEngine\Core\Frameworks\SGE_SFML.hpp">
      <Filter>Core\Frameworks</Filter>
    </ClInclude>
    <ClInclude Include="OpenGLGameEngine\Core\Frameworks\CoreFramework.hpp">
      <Filter>Core\Frameworks</Filter>
    </ClInclude>
    <ClInclude Include="OpenGLGameEngine\Core\Foundations\Foundation.hpp">
      <Filter>Core\Foundations</Filter>
    </ClInclude>
    <ClInclude Include="OpenGLGameEngine\Core\Foundations\Vectors\vec4.hpp">
      <Filter>Core\Foundations\Vectors</Filter>
    </ClInclude>
    <ClInclude Include="OpenGLGameEngine\Core\Foundations\Vectors\vec2.hpp">
      <Filter>Core\Foundations\Vectors</Filter>
    </ClInclude>
    <ClInclude Include="OpenGLGameEngine\Core\Foundations\Vectors\vec3.hpp">
      <Filter>Core\Foundations\Vectors</Filter>
    </ClInclude>
  </ItemGroup>
  <ItemGroup>
    <ClCompile Include="OpenGLGameEngine\main.cpp" />
    <ClCompile Include="OpenGLGameEngine\Core\CoreSettings.cpp">
      <Filter>Core</Filter>
    </ClCompile>
    <ClCompile Include="OpenGLGameEngine\Core\CoreEngine.cpp">
      <Filter>Core</Filter>
    </ClCompile>
    <ClCompile Include="OpenGLGameEngine\Core\Frameworks\FrameworkInterface.cpp">
      <Filter>Core\Frameworks</Filter>
    </ClCompile>
    <ClCompile Include="OpenGLGameEngine\Core\Frameworks\SGE_GLFW.cpp">
      <Filter>Core\Frameworks</Filter>
    </ClCompile>
    <ClCompile Include="OpenGLGameEngine\Core\Frameworks\SGE_SDL.cpp">
      <Filter>Core\Frameworks</Filter>
    </ClCompile>
    <ClCompile Include="OpenGLGameEngine\Core\Frameworks\SGE_SFML.cpp">
      <Filter>Core\Frameworks</Filter>
    </ClCompile>
    <ClCompile Include="OpenGLGameEngine\Core\Frameworks\CoreFramework.cpp">
      <Filter>Core\Frameworks</Filter>
    </ClCompile>
  </ItemGroup>
  <ItemGroup>
    <Filter Include="Core">
      <UniqueIdentifier>{7f9393f4-bf03-4937-a8f6-d1c788b87da0}</UniqueIdentifier>
    </Filter>
    <Filter Include="Core\Foundations">
      <UniqueIdentifier>{271a6067-7c9c-4954-a3c8-37473a91a9b1}</UniqueIdentifier>
    </Filter>
    <Filter Include="Core\Foundations\Vectors">
      <UniqueIdentifier>{a6f7beb0-bf50-4499-b5a2-df3f123cace8}</UniqueIdentifier>
    </Filter>
    <Filter Include="Core\Frameworks">
      <UniqueIdentifier>{07572584-0118-4af9-bb5c-bdb432dc49f5}</UniqueIdentifier>
    </Filter>
  </ItemGroup>
</Project>